
Microsoft Visual Studio Solution File, Format Version 12.00
# Visual Studio Version 16
VisualStudioVersion = 16.0.31911.196
MinimumVisualStudioVersion = 10.0.40219.1
Project("{FAE04EC0-301F-11D3-BF4B-00C04F79EFBC}") = "Exercise1Calculator", "Exercise1Calculator.csproj", "{724C0422-2809-417A-AB1D-22BCDD2A8058}"
EndProject
Global
	GlobalSection(SolutionConfigurationPlatforms) = preSolution
		Debug|Any CPU = Debug|Any CPU
		Release|Any CPU = Release|Any CPU
	EndGlobalSection
	GlobalSection(ProjectConfigurationPlatforms) = postSolution
		{724C0422-2809-417A-AB1D-22BCDD2A8058}.Debug|Any CPU.ActiveCfg = Debug|Any CPU
		{724C0422-2809-417A-AB1D-22BCDD2A8058}.Debug|Any CPU.Build.0 = Debug|Any CPU
		{724C0422-2809-417A-AB1D-22BCDD2A8058}.Release|Any CPU.ActiveCfg = Release|Any CPU
		{724C0422-2809-417A-AB1D-22BCDD2A8058}.Release|Any CPU.Build.0 = Release|Any CPU
	EndGlobalSection
	GlobalSection(SolutionProperties) = preSolution
		HideSolutionNode = FALSE
	EndGlobalSection
	GlobalSection(ExtensibilityGlobals) = postSolution
		SolutionGuid = {F85157C1-4E3B-4D6F-8464-7CCD7752C306}
	EndGlobalSection
EndGlobal
